
Microsoft Visual Studio Solution File, Format Version 12.00
# Visual Studio Version 16
VisualStudioVersion = 16.0.31515.178
MinimumVisualStudioVersion = 10.0.40219.1
Project("{9A19103F-16F7-4668-BE54-9A1E7A4F7556}") = "DownHillParkAPI", "DownHillParkAPI\DownHillParkAPI.csproj", "{6894E4EC-1DF1-4883-8284-E04250100756}"
EndProject
Project("{FAE04EC0-301F-11D3-BF4B-00C04F79EFBC}") = "Tests", "Tests\Tests.csproj", "{DCA4C50A-9376-4326-92FF-9288C58EC6DE}"
EndProject
Global
	GlobalSection(SolutionConfigurationPlatforms) = preSolution
		Debug|Any CPU = Debug|Any CPU
		Release|Any CPU = Release|Any CPU
	EndGlobalSection
	GlobalSection(ProjectConfigurationPlatforms) = postSolution
		{6894E4EC-1DF1-4883-8284-E04250100756}.Debug|Any CPU.ActiveCfg = Debug|Any CPU
		{6894E4EC-1DF1-4883-8284-E04250100756}.Debug|Any CPU.Build.0 = Debug|Any CPU
		{6894E4EC-1DF1-4883-8284-E04250100756}.Release|Any CPU.ActiveCfg = Release|Any CPU
		{6894E4EC-1DF1-4883-8284-E04250100756}.Release|Any CPU.Build.0 = Release|Any CPU
		{DCA4C50A-9376-4326-92FF-9288C58EC6DE}.Debug|Any CPU.ActiveCfg = Debug|Any CPU
		{DCA4C50A-9376-4326-92FF-9288C58EC6DE}.Debug|Any CPU.Build.0 = Debug|Any CPU
		{DCA4C50A-9376-4326-92FF-9288C58EC6DE}.Release|Any CPU.ActiveCfg = Release|Any CPU
		{DCA4C50A-9376-4326-92FF-9288C58EC6DE}.Release|Any CPU.Build.0 = Release|Any CPU
	EndGlobalSection
	GlobalSection(SolutionProperties) = preSolution
		HideSolutionNode = FALSE
	EndGlobalSection
	GlobalSection(ExtensibilityGlobals) = postSolution
		SolutionGuid = {A8A849E1-E57C-48FC-89AD-6497E34EBF53}
	EndGlobalSection
EndGlobal
